
Microsoft Visual Studio Solution File, Format Version 12.00
# Visual Studio Version 17
VisualStudioVersion = 17.11.35303.130
MinimumVisualStudioVersion = 10.0.40219.1
Project("{FAE04EC0-301F-11D3-BF4B-00C04F79EFBC}") = "SERIVICIO_FARMACIA", "SERIVICIO_FARMACIA.csproj", "{D7E9FB36-0EBB-4539-9889-636089C377A4}"
EndProject
Global
	GlobalSection(SolutionConfigurationPlatforms) = preSolution
		Debug|Any CPU = Debug|Any CPU
		Release|Any CPU = Release|Any CPU
	EndGlobalSection
	GlobalSection(ProjectConfigurationPlatforms) = postSolution
		{D7E9FB36-0EBB-4539-9889-636089C377A4}.Debug|Any CPU.ActiveCfg = Debug|Any CPU
		{D7E9FB36-0EBB-4539-9889-636089C377A4}.Debug|Any CPU.Build.0 = Debug|Any CPU
		{D7E9FB36-0EBB-4539-9889-636089C377A4}.Release|Any CPU.ActiveCfg = Release|Any CPU
		{D7E9FB36-0EBB-4539-9889-636089C377A4}.Release|Any CPU.Build.0 = Release|Any CPU
	EndGlobalSection
	GlobalSection(SolutionProperties) = preSolution
		HideSolutionNode = FALSE
	EndGlobalSection
	GlobalSection(ExtensibilityGlobals) = postSolution
		SolutionGuid = {2F5A715D-98F2-4AE1-B04B-F403DF6A03EC}
	EndGlobalSection
EndGlobal
